
Microsoft Visual Studio Solution File, Format Version 12.00
# Visual Studio Version 16
VisualStudioVersion = 16.0.31112.23
MinimumVisualStudioVersion = 10.0.40219.1
Project("{FAE04EC0-301F-11D3-BF4B-00C04F79EFBC}") = "ED2-TP02", "ED2-TP02\ED2-TP02.csproj", "{2C39EC5E-4796-4C9D-BEDA-C9386FBB14E6}"
EndProject
Global
	GlobalSection(SolutionConfigurationPlatforms) = preSolution
		Debug|Any CPU = Debug|Any CPU
		Release|Any CPU = Release|Any CPU
	EndGlobalSection
	GlobalSection(ProjectConfigurationPlatforms) = postSolution
		{2C39EC5E-4796-4C9D-BEDA-C9386FBB14E6}.Debug|Any CPU.ActiveCfg = Debug|Any CPU
		{2C39EC5E-4796-4C9D-BEDA-C9386FBB14E6}.Debug|Any CPU.Build.0 = Debug|Any CPU
		{2C39EC5E-4796-4C9D-BEDA-C9386FBB14E6}.Release|Any CPU.ActiveCfg = Release|Any CPU
		{2C39EC5E-4796-4C9D-BEDA-C9386FBB14E6}.Release|Any CPU.Build.0 = Release|Any CPU
	EndGlobalSection
	GlobalSection(SolutionProperties) = preSolution
		HideSolutionNode = FALSE
	EndGlobalSection
	GlobalSection(ExtensibilityGlobals) = postSolution
		SolutionGuid = {F7D5B463-2AC2-4C6A-A2F4-58D411CBA5E1}
	EndGlobalSection
EndGlobal
